// !$*UTF8*$!
{
	archiveVersion = 1;
	classes = {
	};
	objectVersion = 50;
	objects = {

/* Begin PBXBuildFile section */
<<<<<<< HEAD
		09A0E68224044C0500B17A73 /* main.swift in Sources */ = {isa = PBXBuildFile; fileRef = 09A0E68124044C0500B17A73 /* main.swift */; };
/* End PBXBuildFile section */

/* Begin PBXCopyFilesBuildPhase section */
		09A0E67C24044C0500B17A73 /* CopyFiles */ = {
=======
		09A0E66F2404419400B17A73 /* main.swift in Sources */ = {isa = PBXBuildFile; fileRef = 09A0E66E2404419400B17A73 /* main.swift */; };
/* End PBXBuildFile section */

/* Begin PBXCopyFilesBuildPhase section */
		09A0E6692404419400B17A73 /* CopyFiles */ = {
>>>>>>> master
			isa = PBXCopyFilesBuildPhase;
			buildActionMask = 2147483647;
			dstPath = /usr/share/man/man1/;
			dstSubfolderSpec = 0;
			files = (
			);
			runOnlyForDeploymentPostprocessing = 1;
		};
/* End PBXCopyFilesBuildPhase section */

/* Begin PBXFileReference section */
<<<<<<< HEAD
		09A0E67E24044C0500B17A73 /* 4l_NikishinRoman */ = {isa = PBXFileReference; explicitFileType = "compiled.mach-o.executable"; includeInIndex = 0; path = 4l_NikishinRoman; sourceTree = BUILT_PRODUCTS_DIR; };
		09A0E68124044C0500B17A73 /* main.swift */ = {isa = PBXFileReference; lastKnownFileType = sourcecode.swift; path = main.swift; sourceTree = "<group>"; };
/* End PBXFileReference section */

/* Begin PBXFrameworksBuildPhase section */
		09A0E67B24044C0500B17A73 /* Frameworks */ = {
=======
		09A0E66B2404419400B17A73 /* 4l_NikishinRoman */ = {isa = PBXFileReference; explicitFileType = "compiled.mach-o.executable"; includeInIndex = 0; path = 4l_NikishinRoman; sourceTree = BUILT_PRODUCTS_DIR; };
		09A0E66E2404419400B17A73 /* main.swift */ = {isa = PBXFileReference; lastKnownFileType = sourcecode.swift; path = main.swift; sourceTree = "<group>"; };
/* End PBXFileReference section */

/* Begin PBXFrameworksBuildPhase section */
		09A0E6682404419400B17A73 /* Frameworks */ = {
>>>>>>> master
			isa = PBXFrameworksBuildPhase;
			buildActionMask = 2147483647;
			files = (
			);
			runOnlyForDeploymentPostprocessing = 0;
		};
/* End PBXFrameworksBuildPhase section */

/* Begin PBXGroup section */
<<<<<<< HEAD
		09A0E67524044C0500B17A73 = {
			isa = PBXGroup;
			children = (
				09A0E68024044C0500B17A73 /* 4l_NikishinRoman */,
				09A0E67F24044C0500B17A73 /* Products */,
			);
			sourceTree = "<group>";
		};
		09A0E67F24044C0500B17A73 /* Products */ = {
			isa = PBXGroup;
			children = (
				09A0E67E24044C0500B17A73 /* 4l_NikishinRoman */,
=======
		09A0E6622404419400B17A73 = {
			isa = PBXGroup;
			children = (
				09A0E66D2404419400B17A73 /* 4l_NikishinRoman */,
				09A0E66C2404419400B17A73 /* Products */,
			);
			sourceTree = "<group>";
		};
		09A0E66C2404419400B17A73 /* Products */ = {
			isa = PBXGroup;
			children = (
				09A0E66B2404419400B17A73 /* 4l_NikishinRoman */,
>>>>>>> master
			);
			name = Products;
			sourceTree = "<group>";
		};
<<<<<<< HEAD
		09A0E68024044C0500B17A73 /* 4l_NikishinRoman */ = {
			isa = PBXGroup;
			children = (
				09A0E68124044C0500B17A73 /* main.swift */,
=======
		09A0E66D2404419400B17A73 /* 4l_NikishinRoman */ = {
			isa = PBXGroup;
			children = (
				09A0E66E2404419400B17A73 /* main.swift */,
>>>>>>> master
			);
			path = 4l_NikishinRoman;
			sourceTree = "<group>";
		};
/* End PBXGroup section */

/* Begin PBXNativeTarget section */
<<<<<<< HEAD
		09A0E67D24044C0500B17A73 /* 4l_NikishinRoman */ = {
			isa = PBXNativeTarget;
			buildConfigurationList = 09A0E68524044C0500B17A73 /* Build configuration list for PBXNativeTarget "4l_NikishinRoman" */;
			buildPhases = (
				09A0E67A24044C0500B17A73 /* Sources */,
				09A0E67B24044C0500B17A73 /* Frameworks */,
				09A0E67C24044C0500B17A73 /* CopyFiles */,
=======
		09A0E66A2404419400B17A73 /* 4l_NikishinRoman */ = {
			isa = PBXNativeTarget;
			buildConfigurationList = 09A0E6722404419400B17A73 /* Build configuration list for PBXNativeTarget "4l_NikishinRoman" */;
			buildPhases = (
				09A0E6672404419400B17A73 /* Sources */,
				09A0E6682404419400B17A73 /* Frameworks */,
				09A0E6692404419400B17A73 /* CopyFiles */,
>>>>>>> master
			);
			buildRules = (
			);
			dependencies = (
			);
			name = 4l_NikishinRoman;
			productName = 4l_NikishinRoman;
<<<<<<< HEAD
			productReference = 09A0E67E24044C0500B17A73 /* 4l_NikishinRoman */;
=======
			productReference = 09A0E66B2404419400B17A73 /* 4l_NikishinRoman */;
>>>>>>> master
			productType = "com.apple.product-type.tool";
		};
/* End PBXNativeTarget section */

/* Begin PBXProject section */
<<<<<<< HEAD
		09A0E67624044C0500B17A73 /* Project object */ = {
=======
		09A0E6632404419400B17A73 /* Project object */ = {
>>>>>>> master
			isa = PBXProject;
			attributes = {
				LastSwiftUpdateCheck = 1120;
				LastUpgradeCheck = 1120;
				ORGANIZATIONNAME = "Roman Nikishin";
				TargetAttributes = {
<<<<<<< HEAD
					09A0E67D24044C0500B17A73 = {
=======
					09A0E66A2404419400B17A73 = {
>>>>>>> master
						CreatedOnToolsVersion = 11.2.1;
					};
				};
			};
<<<<<<< HEAD
			buildConfigurationList = 09A0E67924044C0500B17A73 /* Build configuration list for PBXProject "4l_NikishinRoman" */;
=======
			buildConfigurationList = 09A0E6662404419400B17A73 /* Build configuration list for PBXProject "4l_NikishinRoman" */;
>>>>>>> master
			compatibilityVersion = "Xcode 9.3";
			developmentRegion = en;
			hasScannedForEncodings = 0;
			knownRegions = (
				en,
				Base,
			);
<<<<<<< HEAD
			mainGroup = 09A0E67524044C0500B17A73;
			productRefGroup = 09A0E67F24044C0500B17A73 /* Products */;
			projectDirPath = "";
			projectRoot = "";
			targets = (
				09A0E67D24044C0500B17A73 /* 4l_NikishinRoman */,
=======
			mainGroup = 09A0E6622404419400B17A73;
			productRefGroup = 09A0E66C2404419400B17A73 /* Products */;
			projectDirPath = "";
			projectRoot = "";
			targets = (
				09A0E66A2404419400B17A73 /* 4l_NikishinRoman */,
>>>>>>> master
			);
		};
/* End PBXProject section */

/* Begin PBXSourcesBuildPhase section */
<<<<<<< HEAD
		09A0E67A24044C0500B17A73 /* Sources */ = {
			isa = PBXSourcesBuildPhase;
			buildActionMask = 2147483647;
			files = (
				09A0E68224044C0500B17A73 /* main.swift in Sources */,
=======
		09A0E6672404419400B17A73 /* Sources */ = {
			isa = PBXSourcesBuildPhase;
			buildActionMask = 2147483647;
			files = (
				09A0E66F2404419400B17A73 /* main.swift in Sources */,
>>>>>>> master
			);
			runOnlyForDeploymentPostprocessing = 0;
		};
/* End PBXSourcesBuildPhase section */

/* Begin XCBuildConfiguration section */
<<<<<<< HEAD
		09A0E68324044C0500B17A73 /* Debug */ = {
=======
		09A0E6702404419400B17A73 /* Debug */ = {
>>>>>>> master
			isa = XCBuildConfiguration;
			buildSettings = {
				ALWAYS_SEARCH_USER_PATHS = NO;
				CLANG_ANALYZER_NONNULL = YES;
				CLANG_ANALYZER_NUMBER_OBJECT_CONVERSION = YES_AGGRESSIVE;
				CLANG_CXX_LANGUAGE_STANDARD = "gnu++14";
				CLANG_CXX_LIBRARY = "libc++";
				CLANG_ENABLE_MODULES = YES;
				CLANG_ENABLE_OBJC_ARC = YES;
				CLANG_ENABLE_OBJC_WEAK = YES;
				CLANG_WARN_BLOCK_CAPTURE_AUTORELEASING = YES;
				CLANG_WARN_BOOL_CONVERSION = YES;
				CLANG_WARN_COMMA = YES;
				CLANG_WARN_CONSTANT_CONVERSION = YES;
				CLANG_WARN_DEPRECATED_OBJC_IMPLEMENTATIONS = YES;
				CLANG_WARN_DIRECT_OBJC_ISA_USAGE = YES_ERROR;
				CLANG_WARN_DOCUMENTATION_COMMENTS = YES;
				CLANG_WARN_EMPTY_BODY = YES;
				CLANG_WARN_ENUM_CONVERSION = YES;
				CLANG_WARN_INFINITE_RECURSION = YES;
				CLANG_WARN_INT_CONVERSION = YES;
				CLANG_WARN_NON_LITERAL_NULL_CONVERSION = YES;
				CLANG_WARN_OBJC_IMPLICIT_RETAIN_SELF = YES;
				CLANG_WARN_OBJC_LITERAL_CONVERSION = YES;
				CLANG_WARN_OBJC_ROOT_CLASS = YES_ERROR;
				CLANG_WARN_RANGE_LOOP_ANALYSIS = YES;
				CLANG_WARN_STRICT_PROTOTYPES = YES;
				CLANG_WARN_SUSPICIOUS_MOVE = YES;
				CLANG_WARN_UNGUARDED_AVAILABILITY = YES_AGGRESSIVE;
				CLANG_WARN_UNREACHABLE_CODE = YES;
				CLANG_WARN__DUPLICATE_METHOD_MATCH = YES;
				COPY_PHASE_STRIP = NO;
				DEBUG_INFORMATION_FORMAT = dwarf;
				ENABLE_STRICT_OBJC_MSGSEND = YES;
				ENABLE_TESTABILITY = YES;
				GCC_C_LANGUAGE_STANDARD = gnu11;
				GCC_DYNAMIC_NO_PIC = NO;
				GCC_NO_COMMON_BLOCKS = YES;
				GCC_OPTIMIZATION_LEVEL = 0;
				GCC_PREPROCESSOR_DEFINITIONS = (
					"DEBUG=1",
					"$(inherited)",
				);
				GCC_WARN_64_TO_32_BIT_CONVERSION = YES;
				GCC_WARN_ABOUT_RETURN_TYPE = YES_ERROR;
				GCC_WARN_UNDECLARED_SELECTOR = YES;
				GCC_WARN_UNINITIALIZED_AUTOS = YES_AGGRESSIVE;
				GCC_WARN_UNUSED_FUNCTION = YES;
				GCC_WARN_UNUSED_VARIABLE = YES;
				MACOSX_DEPLOYMENT_TARGET = 10.15;
				MTL_ENABLE_DEBUG_INFO = INCLUDE_SOURCE;
				MTL_FAST_MATH = YES;
				ONLY_ACTIVE_ARCH = YES;
				SDKROOT = macosx;
				SWIFT_ACTIVE_COMPILATION_CONDITIONS = DEBUG;
				SWIFT_OPTIMIZATION_LEVEL = "-Onone";
			};
			name = Debug;
		};
<<<<<<< HEAD
		09A0E68424044C0500B17A73 /* Release */ = {
=======
		09A0E6712404419400B17A73 /* Release */ = {
>>>>>>> master
			isa = XCBuildConfiguration;
			buildSettings = {
				ALWAYS_SEARCH_USER_PATHS = NO;
				CLANG_ANALYZER_NONNULL = YES;
				CLANG_ANALYZER_NUMBER_OBJECT_CONVERSION = YES_AGGRESSIVE;
				CLANG_CXX_LANGUAGE_STANDARD = "gnu++14";
				CLANG_CXX_LIBRARY = "libc++";
				CLANG_ENABLE_MODULES = YES;
				CLANG_ENABLE_OBJC_ARC = YES;
				CLANG_ENABLE_OBJC_WEAK = YES;
				CLANG_WARN_BLOCK_CAPTURE_AUTORELEASING = YES;
				CLANG_WARN_BOOL_CONVERSION = YES;
				CLANG_WARN_COMMA = YES;
				CLANG_WARN_CONSTANT_CONVERSION = YES;
				CLANG_WARN_DEPRECATED_OBJC_IMPLEMENTATIONS = YES;
				CLANG_WARN_DIRECT_OBJC_ISA_USAGE = YES_ERROR;
				CLANG_WARN_DOCUMENTATION_COMMENTS = YES;
				CLANG_WARN_EMPTY_BODY = YES;
				CLANG_WARN_ENUM_CONVERSION = YES;
				CLANG_WARN_INFINITE_RECURSION = YES;
				CLANG_WARN_INT_CONVERSION = YES;
				CLANG_WARN_NON_LITERAL_NULL_CONVERSION = YES;
				CLANG_WARN_OBJC_IMPLICIT_RETAIN_SELF = YES;
				CLANG_WARN_OBJC_LITERAL_CONVERSION = YES;
				CLANG_WARN_OBJC_ROOT_CLASS = YES_ERROR;
				CLANG_WARN_RANGE_LOOP_ANALYSIS = YES;
				CLANG_WARN_STRICT_PROTOTYPES = YES;
				CLANG_WARN_SUSPICIOUS_MOVE = YES;
				CLANG_WARN_UNGUARDED_AVAILABILITY = YES_AGGRESSIVE;
				CLANG_WARN_UNREACHABLE_CODE = YES;
				CLANG_WARN__DUPLICATE_METHOD_MATCH = YES;
				COPY_PHASE_STRIP = NO;
				DEBUG_INFORMATION_FORMAT = "dwarf-with-dsym";
				ENABLE_NS_ASSERTIONS = NO;
				ENABLE_STRICT_OBJC_MSGSEND = YES;
				GCC_C_LANGUAGE_STANDARD = gnu11;
				GCC_NO_COMMON_BLOCKS = YES;
				GCC_WARN_64_TO_32_BIT_CONVERSION = YES;
				GCC_WARN_ABOUT_RETURN_TYPE = YES_ERROR;
				GCC_WARN_UNDECLARED_SELECTOR = YES;
				GCC_WARN_UNINITIALIZED_AUTOS = YES_AGGRESSIVE;
				GCC_WARN_UNUSED_FUNCTION = YES;
				GCC_WARN_UNUSED_VARIABLE = YES;
				MACOSX_DEPLOYMENT_TARGET = 10.15;
				MTL_ENABLE_DEBUG_INFO = NO;
				MTL_FAST_MATH = YES;
				SDKROOT = macosx;
				SWIFT_COMPILATION_MODE = wholemodule;
				SWIFT_OPTIMIZATION_LEVEL = "-O";
			};
			name = Release;
		};
<<<<<<< HEAD
		09A0E68624044C0500B17A73 /* Debug */ = {
=======
		09A0E6732404419400B17A73 /* Debug */ = {
>>>>>>> master
			isa = XCBuildConfiguration;
			buildSettings = {
				CODE_SIGN_STYLE = Automatic;
				PRODUCT_NAME = "$(TARGET_NAME)";
				SWIFT_VERSION = 5.0;
			};
			name = Debug;
		};
<<<<<<< HEAD
		09A0E68724044C0500B17A73 /* Release */ = {
=======
		09A0E6742404419400B17A73 /* Release */ = {
>>>>>>> master
			isa = XCBuildConfiguration;
			buildSettings = {
				CODE_SIGN_STYLE = Automatic;
				PRODUCT_NAME = "$(TARGET_NAME)";
				SWIFT_VERSION = 5.0;
			};
			name = Release;
		};
/* End XCBuildConfiguration section */

/* Begin XCConfigurationList section */
<<<<<<< HEAD
		09A0E67924044C0500B17A73 /* Build configuration list for PBXProject "4l_NikishinRoman" */ = {
			isa = XCConfigurationList;
			buildConfigurations = (
				09A0E68324044C0500B17A73 /* Debug */,
				09A0E68424044C0500B17A73 /* Release */,
=======
		09A0E6662404419400B17A73 /* Build configuration list for PBXProject "4l_NikishinRoman" */ = {
			isa = XCConfigurationList;
			buildConfigurations = (
				09A0E6702404419400B17A73 /* Debug */,
				09A0E6712404419400B17A73 /* Release */,
>>>>>>> master
			);
			defaultConfigurationIsVisible = 0;
			defaultConfigurationName = Release;
		};
<<<<<<< HEAD
		09A0E68524044C0500B17A73 /* Build configuration list for PBXNativeTarget "4l_NikishinRoman" */ = {
			isa = XCConfigurationList;
			buildConfigurations = (
				09A0E68624044C0500B17A73 /* Debug */,
				09A0E68724044C0500B17A73 /* Release */,
=======
		09A0E6722404419400B17A73 /* Build configuration list for PBXNativeTarget "4l_NikishinRoman" */ = {
			isa = XCConfigurationList;
			buildConfigurations = (
				09A0E6732404419400B17A73 /* Debug */,
				09A0E6742404419400B17A73 /* Release */,
>>>>>>> master
			);
			defaultConfigurationIsVisible = 0;
			defaultConfigurationName = Release;
		};
/* End XCConfigurationList section */
	};
<<<<<<< HEAD
	rootObject = 09A0E67624044C0500B17A73 /* Project object */;
=======
	rootObject = 09A0E6632404419400B17A73 /* Project object */;
>>>>>>> master
}
