// !$*UTF8*$!
{
	archiveVersion = 1;
	classes = {
	};
	objectVersion = 50;
	objects = {

/* Begin PBXBuildFile section */
		44BD681A8BC68587B53F070E /* Pods_1l_NikishinRoman.framework in Frameworks */ = {isa = PBXBuildFile; fileRef = A8635701583DCBD4865799F5 /* Pods_1l_NikishinRoman.framework */; };
		84D231C1241BF7DD00366228 /* AppDelegate.swift in Sources */ = {isa = PBXBuildFile; fileRef = 84D231C0241BF7DD00366228 /* AppDelegate.swift */; };
		84D231C3241BF7DD00366228 /* SceneDelegate.swift in Sources */ = {isa = PBXBuildFile; fileRef = 84D231C2241BF7DD00366228 /* SceneDelegate.swift */; };
		84D231C5241BF7DD00366228 /* ViewController.swift in Sources */ = {isa = PBXBuildFile; fileRef = 84D231C4241BF7DD00366228 /* ViewController.swift */; };
		84D231C8241BF7DD00366228 /* Main.storyboard in Resources */ = {isa = PBXBuildFile; fileRef = 84D231C6241BF7DD00366228 /* Main.storyboard */; };
		84D231CA241BF7E000366228 /* Assets.xcassets in Resources */ = {isa = PBXBuildFile; fileRef = 84D231C9241BF7E000366228 /* Assets.xcassets */; };
		84D231CD241BF7E000366228 /* LaunchScreen.storyboard in Resources */ = {isa = PBXBuildFile; fileRef = 84D231CB241BF7E000366228 /* LaunchScreen.storyboard */; };
/* End PBXBuildFile section */

/* Begin PBXFileReference section */
		7814A129BD7BDD2BB480E04C /* Pods-1l_NikishinRoman.debug.xcconfig */ = {isa = PBXFileReference; includeInIndex = 1; lastKnownFileType = text.xcconfig; name = "Pods-1l_NikishinRoman.debug.xcconfig"; path = "Target Support Files/Pods-1l_NikishinRoman/Pods-1l_NikishinRoman.debug.xcconfig"; sourceTree = "<group>"; };
		84D231BD241BF7DD00366228 /* 1l_NikishinRoman.app */ = {isa = PBXFileReference; explicitFileType = wrapper.application; includeInIndex = 0; path = 1l_NikishinRoman.app; sourceTree = BUILT_PRODUCTS_DIR; };
		84D231C0241BF7DD00366228 /* AppDelegate.swift */ = {isa = PBXFileReference; lastKnownFileType = sourcecode.swift; path = AppDelegate.swift; sourceTree = "<group>"; };
		84D231C2241BF7DD00366228 /* SceneDelegate.swift */ = {isa = PBXFileReference; lastKnownFileType = sourcecode.swift; path = SceneDelegate.swift; sourceTree = "<group>"; };
		84D231C4241BF7DD00366228 /* ViewController.swift */ = {isa = PBXFileReference; lastKnownFileType = sourcecode.swift; path = ViewController.swift; sourceTree = "<group>"; };
		84D231C7241BF7DD00366228 /* Base */ = {isa = PBXFileReference; lastKnownFileType = file.storyboard; name = Base; path = Base.lproj/Main.storyboard; sourceTree = "<group>"; };
		84D231C9241BF7E000366228 /* Assets.xcassets */ = {isa = PBXFileReference; lastKnownFileType = folder.assetcatalog; path = Assets.xcassets; sourceTree = "<group>"; };
		84D231CC241BF7E000366228 /* Base */ = {isa = PBXFileReference; lastKnownFileType = file.storyboard; name = Base; path = Base.lproj/LaunchScreen.storyboard; sourceTree = "<group>"; };
		84D231CE241BF7E000366228 /* Info.plist */ = {isa = PBXFileReference; lastKnownFileType = text.plist.xml; path = Info.plist; sourceTree = "<group>"; };
		A8635701583DCBD4865799F5 /* Pods_1l_NikishinRoman.framework */ = {isa = PBXFileReference; explicitFileType = wrapper.framework; includeInIndex = 0; path = Pods_1l_NikishinRoman.framework; sourceTree = BUILT_PRODUCTS_DIR; };
		F413539AA0D6D1D500C7A4BF /* Pods-1l_NikishinRoman.release.xcconfig */ = {isa = PBXFileReference; includeInIndex = 1; lastKnownFileType = text.xcconfig; name = "Pods-1l_NikishinRoman.release.xcconfig"; path = "Target Support Files/Pods-1l_NikishinRoman/Pods-1l_NikishinRoman.release.xcconfig"; sourceTree = "<group>"; };
/* End PBXFileReference section */

/* Begin PBXFrameworksBuildPhase section */
		84D231BA241BF7DD00366228 /* Frameworks */ = {
			isa = PBXFrameworksBuildPhase;
			buildActionMask = 2147483647;
			files = (
				44BD681A8BC68587B53F070E /* Pods_1l_NikishinRoman.framework in Frameworks */,
			);
			runOnlyForDeploymentPostprocessing = 0;
		};
/* End PBXFrameworksBuildPhase section */

/* Begin PBXGroup section */
		84D231B4241BF7DD00366228 = {
			isa = PBXGroup;
			children = (
				84D231BF241BF7DD00366228 /* 1l_NikishinRoman */,
				84D231BE241BF7DD00366228 /* Products */,
				A503F59C5460690AF0CBAC9B /* Pods */,
				A89094F3ADB44C0D93D811D6 /* Frameworks */,
			);
			sourceTree = "<group>";
		};
		84D231BE241BF7DD00366228 /* Products */ = {
			isa = PBXGroup;
			children = (
				84D231BD241BF7DD00366228 /* 1l_NikishinRoman.app */,
			);
			name = Products;
			sourceTree = "<group>";
		};
		84D231BF241BF7DD00366228 /* 1l_NikishinRoman */ = {
			isa = PBXGroup;
			children = (
				84D231C0241BF7DD00366228 /* AppDelegate.swift */,
				84D231C2241BF7DD00366228 /* SceneDelegate.swift */,
				84D231C4241BF7DD00366228 /* ViewController.swift */,
				84D231C6241BF7DD00366228 /* Main.storyboard */,
				84D231C9241BF7E000366228 /* Assets.xcassets */,
				84D231CB241BF7E000366228 /* LaunchScreen.storyboard */,
				84D231CE241BF7E000366228 /* Info.plist */,
			);
			path = 1l_NikishinRoman;
			sourceTree = "<group>";
		};
		A503F59C5460690AF0CBAC9B /* Pods */ = {
			isa = PBXGroup;
			children = (
				7814A129BD7BDD2BB480E04C /* Pods-1l_NikishinRoman.debug.xcconfig */,
				F413539AA0D6D1D500C7A4BF /* Pods-1l_NikishinRoman.release.xcconfig */,
			);
			path = Pods;
			sourceTree = "<group>";
		};
		A89094F3ADB44C0D93D811D6 /* Frameworks */ = {
			isa = PBXGroup;
			children = (
				A8635701583DCBD4865799F5 /* Pods_1l_NikishinRoman.framework */,
			);
			name = Frameworks;
			sourceTree = "<group>";
		};
/* End PBXGroup section */

/* Begin PBXNativeTarget section */
		84D231BC241BF7DD00366228 /* 1l_NikishinRoman */ = {
			isa = PBXNativeTarget;
			buildConfigurationList = 84D231D1241BF7E000366228 /* Build configuration list for PBXNativeTarget "1l_NikishinRoman" */;
			buildPhases = (
				D87C873E2C45F5A00783D6BE /* [CP] Check Pods Manifest.lock */,
				84D231B9241BF7DD00366228 /* Sources */,
				84D231BA241BF7DD00366228 /* Frameworks */,
				84D231BB241BF7DD00366228 /* Resources */,
				09CC6DA62432185B002A44C1 /* ShellScript */,
			);
			buildRules = (
			);
			dependencies = (
			);
			name = 1l_NikishinRoman;
			productName = 1l_NikishinRoman;
			productReference = 84D231BD241BF7DD00366228 /* 1l_NikishinRoman.app */;
			productType = "com.apple.product-type.application";
		};
/* End PBXNativeTarget section */

/* Begin PBXProject section */
		84D231B5241BF7DD00366228 /* Project object */ = {
			isa = PBXProject;
			attributes = {
				LastSwiftUpdateCheck = 1130;
				LastUpgradeCheck = 1130;
				ORGANIZATIONNAME = "Nikishin Roman";
				TargetAttributes = {
					84D231BC241BF7DD00366228 = {
						CreatedOnToolsVersion = 11.3.1;
					};
				};
			};
			buildConfigurationList = 84D231B8241BF7DD00366228 /* Build configuration list for PBXProject "1l_NikishinRoman" */;
			compatibilityVersion = "Xcode 9.3";
			developmentRegion = en;
			hasScannedForEncodings = 0;
			knownRegions = (
				en,
				Base,
			);
			mainGroup = 84D231B4241BF7DD00366228;
			productRefGroup = 84D231BE241BF7DD00366228 /* Products */;
			projectDirPath = "";
			projectRoot = "";
			targets = (
				84D231BC241BF7DD00366228 /* 1l_NikishinRoman */,
			);
		};
/* End PBXProject section */

/* Begin PBXResourcesBuildPhase section */
		84D231BB241BF7DD00366228 /* Resources */ = {
			isa = PBXResourcesBuildPhase;
			buildActionMask = 2147483647;
			files = (
				84D231CD241BF7E000366228 /* LaunchScreen.storyboard in Resources */,
				84D231CA241BF7E000366228 /* Assets.xcassets in Resources */,
				84D231C8241BF7DD00366228 /* Main.storyboard in Resources */,
			);
			runOnlyForDeploymentPostprocessing = 0;
		};
/* End PBXResourcesBuildPhase section */

/* Begin PBXShellScriptBuildPhase section */
		09CC6DA62432185B002A44C1 /* ShellScript */ = {
			isa = PBXShellScriptBuildPhase;
			buildActionMask = 2147483647;
			files = (
			);
			inputFileListPaths = (
			);
			inputPaths = (
			);
			outputFileListPaths = (
			);
			outputPaths = (
			);
			runOnlyForDeploymentPostprocessing = 0;
			shellPath = /bin/sh;
			shellScript = "# Type a script or drag a script file from your workspace to insert its path.\n\"${PODS_ROOT}/SwiftLint/swiftlint\"\n";
		};
		D87C873E2C45F5A00783D6BE /* [CP] Check Pods Manifest.lock */ = {
			isa = PBXShellScriptBuildPhase;
			buildActionMask = 2147483647;
			files = (
			);
			inputFileListPaths = (
			);
			inputPaths = (
				"${PODS_PODFILE_DIR_PATH}/Podfile.lock",
				"${PODS_ROOT}/Manifest.lock",
			);
			name = "[CP] Check Pods Manifest.lock";
			outputFileListPaths = (
			);
			outputPaths = (
				"$(DERIVED_FILE_DIR)/Pods-1l_NikishinRoman-checkManifestLockResult.txt",
			);
			runOnlyForDeploymentPostprocessing = 0;
			shellPath = /bin/sh;
			shellScript = "diff \"${PODS_PODFILE_DIR_PATH}/Podfile.lock\" \"${PODS_ROOT}/Manifest.lock\" > /dev/null\nif [ $? != 0 ] ; then\n    # print error to STDERR\n    echo \"error: The sandbox is not in sync with the Podfile.lock. Run 'pod install' or update your CocoaPods installation.\" >&2\n    exit 1\nfi\n# This output is used by Xcode 'outputs' to avoid re-running this script phase.\necho \"SUCCESS\" > \"${SCRIPT_OUTPUT_FILE_0}\"\n";
			showEnvVarsInLog = 0;
		};
/* End PBXShellScriptBuildPhase section */

/* Begin PBXSourcesBuildPhase section */
		84D231B9241BF7DD00366228 /* Sources */ = {
			isa = PBXSourcesBuildPhase;
			buildActionMask = 2147483647;
			files = (
				84D231C5241BF7DD00366228 /* ViewController.swift in Sources */,
				84D231C1241BF7DD00366228 /* AppDelegate.swift in Sources */,
				84D231C3241BF7DD00366228 /* SceneDelegate.swift in Sources */,
			);
			runOnlyForDeploymentPostprocessing = 0;
		};
/* End PBXSourcesBuildPhase section */

/* Begin PBXVariantGroup section */
		84D231C6241BF7DD00366228 /* Main.storyboard */ = {
			isa = PBXVariantGroup;
			children = (
				84D231C7241BF7DD00366228 /* Base */,
			);
			name = Main.storyboard;
			sourceTree = "<group>";
		};
		84D231CB241BF7E000366228 /* LaunchScreen.storyboard */ = {
			isa = PBXVariantGroup;
			children = (
				84D231CC241BF7E000366228 /* Base */,
			);
			name = LaunchScreen.storyboard;
			sourceTree = "<group>";
		};
/* End PBXVariantGroup section */

/* Begin XCBuildConfiguration section */
		84D231CF241BF7E000366228 /* Debug */ = {
			isa = XCBuildConfiguration;
			buildSettings = {
				ALWAYS_SEARCH_USER_PATHS = NO;
				CLANG_ANALYZER_NONNULL = YES;
				CLANG_ANALYZER_NUMBER_OBJECT_CONVERSION = YES_AGGRESSIVE;
				CLANG_CXX_LANGUAGE_STANDARD = "gnu++14";
				CLANG_CXX_LIBRARY = "libc++";
				CLANG_ENABLE_MODULES = YES;
				CLANG_ENABLE_OBJC_ARC = YES;
				CLANG_ENABLE_OBJC_WEAK = YES;
				CLANG_WARN_BLOCK_CAPTURE_AUTORELEASING = YES;
				CLANG_WARN_BOOL_CONVERSION = YES;
				CLANG_WARN_COMMA = YES;
				CLANG_WARN_CONSTANT_CONVERSION = YES;
				CLANG_WARN_DEPRECATED_OBJC_IMPLEMENTATIONS = YES;
				CLANG_WARN_DIRECT_OBJC_ISA_USAGE = YES_ERROR;
				CLANG_WARN_DOCUMENTATION_COMMENTS = YES;
				CLANG_WARN_EMPTY_BODY = YES;
				CLANG_WARN_ENUM_CONVERSION = YES;
				CLANG_WARN_INFINITE_RECURSION = YES;
				CLANG_WARN_INT_CONVERSION = YES;
				CLANG_WARN_NON_LITERAL_NULL_CONVERSION = YES;
				CLANG_WARN_OBJC_IMPLICIT_RETAIN_SELF = YES;
				CLANG_WARN_OBJC_LITERAL_CONVERSION = YES;
				CLANG_WARN_OBJC_ROOT_CLASS = YES_ERROR;
				CLANG_WARN_RANGE_LOOP_ANALYSIS = YES;
				CLANG_WARN_STRICT_PROTOTYPES = YES;
				CLANG_WARN_SUSPICIOUS_MOVE = YES;
				CLANG_WARN_UNGUARDED_AVAILABILITY = YES_AGGRESSIVE;
				CLANG_WARN_UNREACHABLE_CODE = YES;
				CLANG_WARN__DUPLICATE_METHOD_MATCH = YES;
				COPY_PHASE_STRIP = NO;
				DEBUG_INFORMATION_FORMAT = dwarf;
				ENABLE_STRICT_OBJC_MSGSEND = YES;
				ENABLE_TESTABILITY = YES;
				GCC_C_LANGUAGE_STANDARD = gnu11;
				GCC_DYNAMIC_NO_PIC = NO;
				GCC_NO_COMMON_BLOCKS = YES;
				GCC_OPTIMIZATION_LEVEL = 0;
				GCC_PREPROCESSOR_DEFINITIONS = (
					"DEBUG=1",
					"$(inherited)",
				);
				GCC_WARN_64_TO_32_BIT_CONVERSION = YES;
				GCC_WARN_ABOUT_RETURN_TYPE = YES_ERROR;
				GCC_WARN_UNDECLARED_SELECTOR = YES;
				GCC_WARN_UNINITIALIZED_AUTOS = YES_AGGRESSIVE;
				GCC_WARN_UNUSED_FUNCTION = YES;
				GCC_WARN_UNUSED_VARIABLE = YES;
				IPHONEOS_DEPLOYMENT_TARGET = 13.2;
				MTL_ENABLE_DEBUG_INFO = INCLUDE_SOURCE;
				MTL_FAST_MATH = YES;
				ONLY_ACTIVE_ARCH = YES;
				SDKROOT = iphoneos;
				SWIFT_ACTIVE_COMPILATION_CONDITIONS = DEBUG;
				SWIFT_OPTIMIZATION_LEVEL = "-Onone";
			};
			name = Debug;
		};
		84D231D0241BF7E000366228 /* Release */ = {
			isa = XCBuildConfiguration;
			buildSettings = {
				ALWAYS_SEARCH_USER_PATHS = NO;
				CLANG_ANALYZER_NONNULL = YES;
				CLANG_ANALYZER_NUMBER_OBJECT_CONVERSION = YES_AGGRESSIVE;
				CLANG_CXX_LANGUAGE_STANDARD = "gnu++14";
				CLANG_CXX_LIBRARY = "libc++";
				CLANG_ENABLE_MODULES = YES;
				CLANG_ENABLE_OBJC_ARC = YES;
				CLANG_ENABLE_OBJC_WEAK = YES;
				CLANG_WARN_BLOCK_CAPTURE_AUTORELEASING = YES;
				CLANG_WARN_BOOL_CONVERSION = YES;
				CLANG_WARN_COMMA = YES;
				CLANG_WARN_CONSTANT_CONVERSION = YES;
				CLANG_WARN_DEPRECATED_OBJC_IMPLEMENTATIONS = YES;
				CLANG_WARN_DIRECT_OBJC_ISA_USAGE = YES_ERROR;
				CLANG_WARN_DOCUMENTATION_COMMENTS = YES;
				CLANG_WARN_EMPTY_BODY = YES;
				CLANG_WARN_ENUM_CONVERSION = YES;
				CLANG_WARN_INFINITE_RECURSION = YES;
				CLANG_WARN_INT_CONVERSION = YES;
				CLANG_WARN_NON_LITERAL_NULL_CONVERSION = YES;
				CLANG_WARN_OBJC_IMPLICIT_RETAIN_SELF = YES;
				CLANG_WARN_OBJC_LITERAL_CONVERSION = YES;
				CLANG_WARN_OBJC_ROOT_CLASS = YES_ERROR;
				CLANG_WARN_RANGE_LOOP_ANALYSIS = YES;
				CLANG_WARN_STRICT_PROTOTYPES = YES;
				CLANG_WARN_SUSPICIOUS_MOVE = YES;
				CLANG_WARN_UNGUARDED_AVAILABILITY = YES_AGGRESSIVE;
				CLANG_WARN_UNREACHABLE_CODE = YES;
				CLANG_WARN__DUPLICATE_METHOD_MATCH = YES;
				COPY_PHASE_STRIP = NO;
				DEBUG_INFORMATION_FORMAT = "dwarf-with-dsym";
				ENABLE_NS_ASSERTIONS = NO;
				ENABLE_STRICT_OBJC_MSGSEND = YES;
				GCC_C_LANGUAGE_STANDARD = gnu11;
				GCC_NO_COMMON_BLOCKS = YES;
				GCC_WARN_64_TO_32_BIT_CONVERSION = YES;
				GCC_WARN_ABOUT_RETURN_TYPE = YES_ERROR;
				GCC_WARN_UNDECLARED_SELECTOR = YES;
				GCC_WARN_UNINITIALIZED_AUTOS = YES_AGGRESSIVE;
				GCC_WARN_UNUSED_FUNCTION = YES;
				GCC_WARN_UNUSED_VARIABLE = YES;
				IPHONEOS_DEPLOYMENT_TARGET = 13.2;
				MTL_ENABLE_DEBUG_INFO = NO;
				MTL_FAST_MATH = YES;
				SDKROOT = iphoneos;
				SWIFT_COMPILATION_MODE = wholemodule;
				SWIFT_OPTIMIZATION_LEVEL = "-O";
				VALIDATE_PRODUCT = YES;
			};
			name = Release;
		};
		84D231D2241BF7E000366228 /* Debug */ = {
			isa = XCBuildConfiguration;
			baseConfigurationReference = 7814A129BD7BDD2BB480E04C /* Pods-1l_NikishinRoman.debug.xcconfig */;
			buildSettings = {
				ASSETCATALOG_COMPILER_APPICON_NAME = AppIcon;
				CODE_SIGN_STYLE = Automatic;
				DEVELOPMENT_TEAM = 887Q4TV9NU;
				INFOPLIST_FILE = 1l_NikishinRoman/Info.plist;
				LD_RUNPATH_SEARCH_PATHS = (
					"$(inherited)",
					"@executable_path/Frameworks",
				);
				PRODUCT_BUNDLE_IDENTIFIER = "nikishinroman.-l-NikishinRoman";
				PRODUCT_NAME = "$(TARGET_NAME)";
				SWIFT_VERSION = 5.0;
				TARGETED_DEVICE_FAMILY = "1,2";
			};
			name = Debug;
		};
		84D231D3241BF7E000366228 /* Release */ = {
			isa = XCBuildConfiguration;
			baseConfigurationReference = F413539AA0D6D1D500C7A4BF /* Pods-1l_NikishinRoman.release.xcconfig */;
			buildSettings = {
				ASSETCATALOG_COMPILER_APPICON_NAME = AppIcon;
				CODE_SIGN_STYLE = Automatic;
				DEVELOPMENT_TEAM = 887Q4TV9NU;
				INFOPLIST_FILE = 1l_NikishinRoman/Info.plist;
				LD_RUNPATH_SEARCH_PATHS = (
					"$(inherited)",
					"@executable_path/Frameworks",
				);
				PRODUCT_BUNDLE_IDENTIFIER = "nikishinroman.-l-NikishinRoman";
				PRODUCT_NAME = "$(TARGET_NAME)";
				SWIFT_VERSION = 5.0;
				TARGETED_DEVICE_FAMILY = "1,2";
			};
			name = Release;
		};
/* End XCBuildConfiguration section */

/* Begin XCConfigurationList section */
		84D231B8241BF7DD00366228 /* Build configuration list for PBXProject "1l_NikishinRoman" */ = {
			isa = XCConfigurationList;
			buildConfigurations = (
				84D231CF241BF7E000366228 /* Debug */,
				84D231D0241BF7E000366228 /* Release */,
			);
			defaultConfigurationIsVisible = 0;
			defaultConfigurationName = Release;
		};
		84D231D1241BF7E000366228 /* Build configuration list for PBXNativeTarget "1l_NikishinRoman" */ = {
			isa = XCConfigurationList;
			buildConfigurations = (
				84D231D2241BF7E000366228 /* Debug */,
				84D231D3241BF7E000366228 /* Release */,
			);
			defaultConfigurationIsVisible = 0;
			defaultConfigurationName = Release;
		};
/* End XCConfigurationList section */
	};
	rootObject = 84D231B5241BF7DD00366228 /* Project object */;
}
